PATH
  remote: .
  specs:
    streamelements (0.5.0)
      faraday (~> 2.14)

GEM
  remote: https://rubygems.org/
  specs:
    dotenv (3.2.0)
    faraday (2.14.1)
      faraday-net_http (>= 2.0, < 3.5)
      json
      logger
    faraday-net_http (3.4.2)
      net-http (~> 0.5)
    json (2.18.1)
    logger (1.7.0)
    minitest (5.27.0)
    net-http (0.9.1)
      uri (>= 0.11.1)
    rake (13.3.1)
    uri (1.1.1)

PLATFORMS
  x86_64-linux

DEPENDENCIES
  dotenv
  minitest (~> 5.0)
  rake (~> 13.0)
  streamelements!

BUNDLED WITH
   2.4.22
