PATH
  remote: .
  specs:
    streamelements (0.5.0)
      faraday (~> 2.14)
      ostruct

GEM
  remote: https://rubygems.org/
  specs:
    date (3.5.1)
    dotenv (3.2.0)
    erb (6.0.1)
    faraday (2.14.1)
      faraday-net_http (>= 2.0, < 3.5)
      json
      logger
    faraday-net_http (3.4.2)
      net-http (~> 0.5)
    io-console (0.8.2)
    irb (1.17.0)
      pp (>= 0.6.0)
      prism (>= 1.3.0)
      rdoc (>= 4.0.0)
      reline (>= 0.4.2)
    json (2.18.1)
    logger (1.7.0)
    minitest (5.27.0)
    net-http (0.9.1)
      uri (>= 0.11.1)
    ostruct (0.6.3)
    pp (0.6.3)
      prettyprint
    prettyprint (0.2.0)
    prism (1.9.0)
    psych (5.3.1)
      date
      stringio
    rake (13.3.1)
    rdoc (7.2.0)
      erb
      psych (>= 4.0.0)
      tsort
    reline (0.6.3)
      io-console (~> 0.5)
    stringio (3.2.0)
    tsort (0.2.0)
    uri (1.1.1)

PLATFORMS
  x86_64-linux

DEPENDENCIES
  dotenv
  irb
  minitest (~> 5.0)
  rake (~> 13.0)
  streamelements!

BUNDLED WITH
   2.4.22
